
Microsoft Visual Studio Solution File, Format Version 12.00
# Visual Studio Version 16
VisualStudioVersion = 16.0.30320.27
MinimumVisualStudioVersion = 10.0.40219.1
Project("{FAE04EC0-301F-11D3-BF4B-00C04F79EFBC}") = "CleanArchitecture.Domain", "CleanArchitecture.Domain\CleanArchitecture.Domain.csproj", "{03CA0F3A-8348-4D9C-9259-DE23676FC046}"
EndProject
Global
	GlobalSection(SolutionConfigurationPlatforms) = preSolution
		Debug|Any CPU = Debug|Any CPU
		Release|Any CPU = Release|Any CPU
	EndGlobalSection
	GlobalSection(ProjectConfigurationPlatforms) = postSolution
		{03CA0F3A-8348-4D9C-9259-DE23676FC046}.Debug|Any CPU.ActiveCfg = Debug|Any CPU
		{03CA0F3A-8348-4D9C-9259-DE23676FC046}.Debug|Any CPU.Build.0 = Debug|Any CPU
		{03CA0F3A-8348-4D9C-9259-DE23676FC046}.Release|Any CPU.ActiveCfg = Release|Any CPU
		{03CA0F3A-8348-4D9C-9259-DE23676FC046}.Release|Any CPU.Build.0 = Release|Any CPU
	EndGlobalSection
	GlobalSection(SolutionProperties) = preSolution
		HideSolutionNode = FALSE
	EndGlobalSection
	GlobalSection(ExtensibilityGlobals) = postSolution
		SolutionGuid = {12D6E07C-064E-45A7-95A8-D3003B209EB0}
	EndGlobalSection
EndGlobal
